// !$*UTF8*$!
{
	archiveVersion = 1;
	classes = {
	};
	objectVersion = 51;
	objects = {

/* Begin PBXBuildFile section */
		271345EC255826A90062C1B3 /* NetworkService.swift in Sources */ = {isa = PBXBuildFile; fileRef = 271345EB255826A90062C1B3 /* NetworkService.swift */; };
		271345EE2558459F0062C1B3 /* RouterProtocol.swift in Sources */ = {isa = PBXBuildFile; fileRef = 271345ED2558459F0062C1B3 /* RouterProtocol.swift */; };
		271345F1255847E30062C1B3 /* Error+Extension.swift in Sources */ = {isa = PBXBuildFile; fileRef = 271345F0255847E30062C1B3 /* Error+Extension.swift */; };
		271345F4255848F90062C1B3 /* MessageConstants.swift in Sources */ = {isa = PBXBuildFile; fileRef = 271345F3255848F90062C1B3 /* MessageConstants.swift */; };
		271345F6255849770062C1B3 /* AppConstants.swift in Sources */ = {isa = PBXBuildFile; fileRef = 271345F5255849770062C1B3 /* AppConstants.swift */; };
		2733790825584DDF001FE2E8 /* CommonRouter.swift in Sources */ = {isa = PBXBuildFile; fileRef = 2733790725584DDF001FE2E8 /* CommonRouter.swift */; };
		2733790F25584F9A001FE2E8 /* MainPresenter.swift in Sources */ = {isa = PBXBuildFile; fileRef = 2733790925584F9A001FE2E8 /* MainPresenter.swift */; };
		2733791025584F9A001FE2E8 /* MainWorker.swift in Sources */ = {isa = PBXBuildFile; fileRef = 2733790A25584F9A001FE2E8 /* MainWorker.swift */; };
		2733791225584F9A001FE2E8 /* MainModels.swift in Sources */ = {isa = PBXBuildFile; fileRef = 2733790C25584F9A001FE2E8 /* MainModels.swift */; };
		2733791325584F9A001FE2E8 /* MainViewController.swift in Sources */ = {isa = PBXBuildFile; fileRef = 2733790D25584F9A001FE2E8 /* MainViewController.swift */; };
		2733791425584F9A001FE2E8 /* MainInteractor.swift in Sources */ = {isa = PBXBuildFile; fileRef = 2733790E25584F9A001FE2E8 /* MainInteractor.swift */; };
		2733791925585A95001FE2E8 /* FactCell.swift in Sources */ = {isa = PBXBuildFile; fileRef = 2733791725585A95001FE2E8 /* FactCell.swift */; };
		2733791A25585A95001FE2E8 /* FactCell.xib in Resources */ = {isa = PBXBuildFile; fileRef = 2733791825585A95001FE2E8 /* FactCell.xib */; };
		2733791D25586CDB001FE2E8 /* AppUtility.swift in Sources */ = {isa = PBXBuildFile; fileRef = 2733791C25586CDB001FE2E8 /* AppUtility.swift */; };
		273D276C2555AD540052ABF6 /* AppDelegate.swift in Sources */ = {isa = PBXBuildFile; fileRef = 273D276B2555AD540052ABF6 /* AppDelegate.swift */; };
		273D27732555AD540052ABF6 /* Main.storyboard in Resources */ = {isa = PBXBuildFile; fileRef = 273D27712555AD540052ABF6 /* Main.storyboard */; };
		273D27752555AD550052ABF6 /* Assets.xcassets in Resources */ = {isa = PBXBuildFile; fileRef = 273D27742555AD550052ABF6 /* Assets.xcassets */; };
		273D27782555AD550052ABF6 /* LaunchScreen.storyboard in Resources */ = {isa = PBXBuildFile; fileRef = 273D27762555AD550052ABF6 /* LaunchScreen.storyboard */; };
		273D27832555AD550052ABF6 /* WiproTests.swift in Sources */ = {isa = PBXBuildFile; fileRef = 273D27822555AD550052ABF6 /* WiproTests.swift */; };
		277409812558790C001D423D /* MainViewController+EmptyDataSet.swift in Sources */ = {isa = PBXBuildFile; fileRef = 277409802558790C001D423D /* MainViewController+EmptyDataSet.swift */; };
		2774098325587963001D423D /* Extensions.swift in Sources */ = {isa = PBXBuildFile; fileRef = 2774098225587963001D423D /* Extensions.swift */; };
		5F67495BB7054D0272EAE8D9 /* Pods_WiproTests.framework in Frameworks */ = {isa = PBXBuildFile; fileRef = 66E4A38117CA7A2E0A1F8B35 /* Pods_WiproTests.framework */; };
		C1821E313A61E34612715079 /* Pods_Wipro.framework in Frameworks */ = {isa = PBXBuildFile; fileRef = 1156467CB19FE9CB1D0B8688 /* Pods_Wipro.framework */; };
/* End PBXBuildFile section */

/* Begin PBXContainerItemProxy section */
		273D277F2555AD550052ABF6 /* PBXContainerItemProxy */ = {
			isa = PBXContainerItemProxy;
			containerPortal = 273D27602555AD540052ABF6 /* Project object */;
			proxyType = 1;
			remoteGlobalIDString = 273D27672555AD540052ABF6;
			remoteInfo = Wipro;
		};
/* End PBXContainerItemProxy section */

/* Begin PBXFileReference section */
		1156467CB19FE9CB1D0B8688 /* Pods_Wipro.framework */ = {isa = PBXFileReference; explicitFileType = wrapper.framework; includeInIndex = 0; path = Pods_Wipro.framework; sourceTree = BUILT_PRODUCTS_DIR; };
		12830D41BF2D53994DB05D39 /* Pods-WiproTests.release.xcconfig */ = {isa = PBXFileReference; includeInIndex = 1; lastKnownFileType = text.xcconfig; name = "Pods-WiproTests.release.xcconfig"; path = "Target Support Files/Pods-WiproTests/Pods-WiproTests.release.xcconfig"; sourceTree = "<group>"; };
		271345EB255826A90062C1B3 /* NetworkService.swift */ = {isa = PBXFileReference; lastKnownFileType = sourcecode.swift; path = NetworkService.swift; sourceTree = "<group>"; };
		271345ED2558459F0062C1B3 /* RouterProtocol.swift */ = {isa = PBXFileReference; lastKnownFileType = sourcecode.swift; path = RouterProtocol.swift; sourceTree = "<group>"; };
		271345F0255847E30062C1B3 /* Error+Extension.swift */ = {isa = PBXFileReference; lastKnownFileType = sourcecode.swift; path = "Error+Extension.swift"; sourceTree = "<group>"; };
		271345F3255848F90062C1B3 /* MessageConstants.swift */ = {isa = PBXFileReference; lastKnownFileType = sourcecode.swift; path = MessageConstants.swift; sourceTree = "<group>"; };
		271345F5255849770062C1B3 /* AppConstants.swift */ = {isa = PBXFileReference; lastKnownFileType = sourcecode.swift; path = AppConstants.swift; sourceTree = "<group>"; };
		2733790725584DDF001FE2E8 /* CommonRouter.swift */ = {isa = PBXFileReference; lastKnownFileType = sourcecode.swift; path = CommonRouter.swift; sourceTree = "<group>"; };
		2733790925584F9A001FE2E8 /* MainPresenter.swift */ = {isa = PBXFileReference; lastKnownFileType = sourcecode.swift; path = MainPresenter.swift; sourceTree = "<group>"; };
		2733790A25584F9A001FE2E8 /* MainWorker.swift */ = {isa = PBXFileReference; lastKnownFileType = sourcecode.swift; path = MainWorker.swift; sourceTree = "<group>"; };
		2733790C25584F9A001FE2E8 /* MainModels.swift */ = {isa = PBXFileReference; lastKnownFileType = sourcecode.swift; path = MainModels.swift; sourceTree = "<group>"; };
		2733790D25584F9A001FE2E8 /* MainViewController.swift */ = {isa = PBXFileReference; lastKnownFileType = sourcecode.swift; path = MainViewController.swift; sourceTree = "<group>"; };
		2733790E25584F9A001FE2E8 /* MainInteractor.swift */ = {isa = PBXFileReference; lastKnownFileType = sourcecode.swift; path = MainInteractor.swift; sourceTree = "<group>"; };
		2733791725585A95001FE2E8 /* FactCell.swift */ = {isa = PBXFileReference; lastKnownFileType = sourcecode.swift; path = FactCell.swift; sourceTree = "<group>"; };
		2733791825585A95001FE2E8 /* FactCell.xib */ = {isa = PBXFileReference; lastKnownFileType = file.xib; path = FactCell.xib; sourceTree = "<group>"; };
		2733791C25586CDB001FE2E8 /* AppUtility.swift */ = {isa = PBXFileReference; lastKnownFileType = sourcecode.swift; path = AppUtility.swift; sourceTree = "<group>"; };
		273D27682555AD540052ABF6 /* Wipro.app */ = {isa = PBXFileReference; explicitFileType = wrapper.application; includeInIndex = 0; path = Wipro.app; sourceTree = BUILT_PRODUCTS_DIR; };
		273D276B2555AD540052ABF6 /* AppDelegate.swift */ = {isa = PBXFileReference; lastKnownFileType = sourcecode.swift; path = AppDelegate.swift; sourceTree = "<group>"; };
		273D27722555AD540052ABF6 /* Base */ = {isa = PBXFileReference; lastKnownFileType = file.storyboard; name = Base; path = Base.lproj/Main.storyboard; sourceTree = "<group>"; };
		273D27742555AD550052ABF6 /* Assets.xcassets */ = {isa = PBXFileReference; lastKnownFileType = folder.assetcatalog; path = Assets.xcassets; sourceTree = "<group>"; };
		273D27772555AD550052ABF6 /* Base */ = {isa = PBXFileReference; lastKnownFileType = file.storyboard; name = Base; path = Base.lproj/LaunchScreen.storyboard; sourceTree = "<group>"; };
		273D27792555AD550052ABF6 /* Info.plist */ = {isa = PBXFileReference; lastKnownFileType = text.plist.xml; path = Info.plist; sourceTree = "<group>"; };
		273D277E2555AD550052ABF6 /* WiproTests.xctest */ = {isa = PBXFileReference; explicitFileType = wrapper.cfbundle; includeInIndex = 0; path = WiproTests.xctest; sourceTree = BUILT_PRODUCTS_DIR; };
		273D27822555AD550052ABF6 /* WiproTests.swift */ = {isa = PBXFileReference; lastKnownFileType = sourcecode.swift; path = WiproTests.swift; sourceTree = "<group>"; };
		273D27842555AD550052ABF6 /* Info.plist */ = {isa = PBXFileReference; lastKnownFileType = text.plist.xml; path = Info.plist; sourceTree = "<group>"; };
		277409802558790C001D423D /* MainViewController+EmptyDataSet.swift */ = {isa = PBXFileReference; lastKnownFileType = sourcecode.swift; path = "MainViewController+EmptyDataSet.swift"; sourceTree = "<group>"; };
		2774098225587963001D423D /* Extensions.swift */ = {isa = PBXFileReference; lastKnownFileType = sourcecode.swift; path = Extensions.swift; sourceTree = "<group>"; };
		66E4A38117CA7A2E0A1F8B35 /* Pods_WiproTests.framework */ = {isa = PBXFileReference; explicitFileType = wrapper.framework; includeInIndex = 0; path = Pods_WiproTests.framework; sourceTree = BUILT_PRODUCTS_DIR; };
		68CACA88F690F706307C15E9 /* Pods-WiproTests.debug.xcconfig */ = {isa = PBXFileReference; includeInIndex = 1; lastKnownFileType = text.xcconfig; name = "Pods-WiproTests.debug.xcconfig"; path = "Target Support Files/Pods-WiproTests/Pods-WiproTests.debug.xcconfig"; sourceTree = "<group>"; };
		856ADC8F8BDF0A6EA41121CB /* Pods-Wipro.release.xcconfig */ = {isa = PBXFileReference; includeInIndex = 1; lastKnownFileType = text.xcconfig; name = "Pods-Wipro.release.xcconfig"; path = "Target Support Files/Pods-Wipro/Pods-Wipro.release.xcconfig"; sourceTree = "<group>"; };
		DFC1C33BEA5EAF77597A06BE /* Pods-Wipro.debug.xcconfig */ = {isa = PBXFileReference; includeInIndex = 1; lastKnownFileType = text.xcconfig; name = "Pods-Wipro.debug.xcconfig"; path = "Target Support Files/Pods-Wipro/Pods-Wipro.debug.xcconfig"; sourceTree = "<group>"; };
/* End PBXFileReference section */

/* Begin PBXFrameworksBuildPhase section */
		273D27652555AD540052ABF6 /* Frameworks */ = {
			isa = PBXFrameworksBuildPhase;
			buildActionMask = 2147483647;
			files = (
				C1821E313A61E34612715079 /* Pods_Wipro.framework in Frameworks */,
			);
			runOnlyForDeploymentPostprocessing = 0;
		};
		273D277B2555AD550052ABF6 /* Frameworks */ = {
			isa = PBXFrameworksBuildPhase;
			buildActionMask = 2147483647;
			files = (
				5F67495BB7054D0272EAE8D9 /* Pods_WiproTests.framework in Frameworks */,
			);
			runOnlyForDeploymentPostprocessing = 0;
		};
/* End PBXFrameworksBuildPhase section */

/* Begin PBXGroup section */
		271345EF255847CC0062C1B3 /* Extensions */ = {
			isa = PBXGroup;
			children = (
				271345F0255847E30062C1B3 /* Error+Extension.swift */,
				2774098225587963001D423D /* Extensions.swift */,
			);
			path = Extensions;
			sourceTree = "<group>";
		};
		271345F2255848D50062C1B3 /* Constants */ = {
			isa = PBXGroup;
			children = (
				271345F3255848F90062C1B3 /* MessageConstants.swift */,
				271345F5255849770062C1B3 /* AppConstants.swift */,
			);
			path = Constants;
			sourceTree = "<group>";
		};
		2733791625585A80001FE2E8 /* Cells */ = {
			isa = PBXGroup;
			children = (
				2733791725585A95001FE2E8 /* FactCell.swift */,
				2733791825585A95001FE2E8 /* FactCell.xib */,
			);
			path = Cells;
			sourceTree = "<group>";
		};
		2733791B25586CB1001FE2E8 /* Utilities */ = {
			isa = PBXGroup;
			children = (
				2733791C25586CDB001FE2E8 /* AppUtility.swift */,
			);
			path = Utilities;
			sourceTree = "<group>";
		};
		273D275F2555AD540052ABF6 = {
			isa = PBXGroup;
			children = (
				273D276A2555AD540052ABF6 /* Wipro */,
				273D27812555AD550052ABF6 /* WiproTests */,
				273D27692555AD540052ABF6 /* Products */,
				44CF42B96F0E71F886D61BF5 /* Pods */,
				B4CDADC84306890CCB8E31FB /* Frameworks */,
			);
			sourceTree = "<group>";
		};
		273D27692555AD540052ABF6 /* Products */ = {
			isa = PBXGroup;
			children = (
				273D27682555AD540052ABF6 /* Wipro.app */,
				273D277E2555AD550052ABF6 /* WiproTests.xctest */,
			);
			name = Products;
			sourceTree = "<group>";
		};
		273D276A2555AD540052ABF6 /* Wipro */ = {
			isa = PBXGroup;
			children = (
				273D278D2555AE420052ABF6 /* Core */,
				273D278E2555AE530052ABF6 /* Scenes */,
				273D27942555AE9F0052ABF6 /* NetworkService */,
				273D27932555AE920052ABF6 /* HelperClass */,
				273D27902555AE700052ABF6 /* Storyboards */,
				273D27912555AE7F0052ABF6 /* Resources */,
				273D27922555AE8B0052ABF6 /* SupportedFiles */,
			);
			path = Wipro;
			sourceTree = "<group>";
		};
		273D27812555AD550052ABF6 /* WiproTests */ = {
			isa = PBXGroup;
			children = (
				273D27822555AD550052ABF6 /* WiproTests.swift */,
				273D27842555AD550052ABF6 /* Info.plist */,
			);
			path = WiproTests;
			sourceTree = "<group>";
		};
		273D278D2555AE420052ABF6 /* Core */ = {
			isa = PBXGroup;
			children = (
				273D276B2555AD540052ABF6 /* AppDelegate.swift */,
			);
			path = Core;
			sourceTree = "<group>";
		};
		273D278E2555AE530052ABF6 /* Scenes */ = {
			isa = PBXGroup;
			children = (
				273D278F2555AE5E0052ABF6 /* Main */,
			);
			path = Scenes;
			sourceTree = "<group>";
		};
		273D278F2555AE5E0052ABF6 /* Main */ = {
			isa = PBXGroup;
			children = (
				2733791625585A80001FE2E8 /* Cells */,
				2733790925584F9A001FE2E8 /* MainPresenter.swift */,
				2733790A25584F9A001FE2E8 /* MainWorker.swift */,
				2733790C25584F9A001FE2E8 /* MainModels.swift */,
				2733790D25584F9A001FE2E8 /* MainViewController.swift */,
				2733790E25584F9A001FE2E8 /* MainInteractor.swift */,
				277409802558790C001D423D /* MainViewController+EmptyDataSet.swift */,
			);
			path = Main;
			sourceTree = "<group>";
		};
		273D27902555AE700052ABF6 /* Storyboards */ = {
			isa = PBXGroup;
			children = (
				273D27712555AD540052ABF6 /* Main.storyboard */,
				273D27762555AD550052ABF6 /* LaunchScreen.storyboard */,
			);
			path = Storyboards;
			sourceTree = "<group>";
		};
		273D27912555AE7F0052ABF6 /* Resources */ = {
			isa = PBXGroup;
			children = (
				273D27952555AEB90052ABF6 /* Images */,
			);
			path = Resources;
			sourceTree = "<group>";
		};
		273D27922555AE8B0052ABF6 /* SupportedFiles */ = {
			isa = PBXGroup;
			children = (
				273D27792555AD550052ABF6 /* Info.plist */,
			);
			path = SupportedFiles;
			sourceTree = "<group>";
		};
		273D27932555AE920052ABF6 /* HelperClass */ = {
			isa = PBXGroup;
			children = (
				2733791B25586CB1001FE2E8 /* Utilities */,
				271345F2255848D50062C1B3 /* Constants */,
				271345EF255847CC0062C1B3 /* Extensions */,
			);
			path = HelperClass;
			sourceTree = "<group>";
		};
		273D27942555AE9F0052ABF6 /* NetworkService */ = {
			isa = PBXGroup;
			children = (
				271345EB255826A90062C1B3 /* NetworkService.swift */,
				271345ED2558459F0062C1B3 /* RouterProtocol.swift */,
				2733790725584DDF001FE2E8 /* CommonRouter.swift */,
			);
			path = NetworkService;
			sourceTree = "<group>";
		};
		273D27952555AEB90052ABF6 /* Images */ = {
			isa = PBXGroup;
			children = (
				273D27742555AD550052ABF6 /* Assets.xcassets */,
			);
			path = Images;
			sourceTree = "<group>";
		};
		44CF42B96F0E71F886D61BF5 /* Pods */ = {
			isa = PBXGroup;
			children = (
				DFC1C33BEA5EAF77597A06BE /* Pods-Wipro.debug.xcconfig */,
				856ADC8F8BDF0A6EA41121CB /* Pods-Wipro.release.xcconfig */,
				68CACA88F690F706307C15E9 /* Pods-WiproTests.debug.xcconfig */,
				12830D41BF2D53994DB05D39 /* Pods-WiproTests.release.xcconfig */,
			);
			path = Pods;
			sourceTree = "<group>";
		};
		B4CDADC84306890CCB8E31FB /* Frameworks */ = {
			isa = PBXGroup;
			children = (
				1156467CB19FE9CB1D0B8688 /* Pods_Wipro.framework */,
				66E4A38117CA7A2E0A1F8B35 /* Pods_WiproTests.framework */,
			);
			name = Frameworks;
			sourceTree = "<group>";
		};
/* End PBXGroup section */

/* Begin PBXNativeTarget section */
		273D27672555AD540052ABF6 /* Wipro */ = {
			isa = PBXNativeTarget;
			buildConfigurationList = 273D27872555AD550052ABF6 /* Build configuration list for PBXNativeTarget "Wipro" */;
			buildPhases = (
				64E4E70CBD5C887BF7FD5B90 /* [CP] Check Pods Manifest.lock */,
				273D27642555AD540052ABF6 /* Sources */,
				273D27652555AD540052ABF6 /* Frameworks */,
				273D27662555AD540052ABF6 /* Resources */,
				0C62F921B5984EF7E0EE0243 /* [CP] Embed Pods Frameworks */,
			);
			buildRules = (
			);
			dependencies = (
			);
			name = Wipro;
			productName = Wipro;
			productReference = 273D27682555AD540052ABF6 /* Wipro.app */;
			productType = "com.apple.product-type.application";
		};
		273D277D2555AD550052ABF6 /* WiproTests */ = {
			isa = PBXNativeTarget;
			buildConfigurationList = 273D278A2555AD550052ABF6 /* Build configuration list for PBXNativeTarget "WiproTests" */;
			buildPhases = (
				B89C051A8958553E0F68B48F /* [CP] Check Pods Manifest.lock */,
				273D277A2555AD550052ABF6 /* Sources */,
				273D277B2555AD550052ABF6 /* Frameworks */,
				273D277C2555AD550052ABF6 /* Resources */,
				292B04B56967B62C78EC7800 /* [CP] Embed Pods Frameworks */,
			);
			buildRules = (
			);
			dependencies = (
				273D27802555AD550052ABF6 /* PBXTargetDependency */,
			);
			name = WiproTests;
			productName = WiproTests;
			productReference = 273D277E2555AD550052ABF6 /* WiproTests.xctest */;
			productType = "com.apple.product-type.bundle.unit-test";
		};
/* End PBXNativeTarget section */

/* Begin PBXProject section */
		273D27602555AD540052ABF6 /* Project object */ = {
			isa = PBXProject;
			attributes = {
				LastSwiftUpdateCheck = 1100;
				LastUpgradeCheck = 1100;
				ORGANIZATIONNAME = Hiddenbrains;
				TargetAttributes = {
					273D27672555AD540052ABF6 = {
						CreatedOnToolsVersion = 11.0;
					};
					273D277D2555AD550052ABF6 = {
						CreatedOnToolsVersion = 11.0;
						TestTargetID = 273D27672555AD540052ABF6;
					};
				};
			};
			buildConfigurationList = 273D27632555AD540052ABF6 /* Build configuration list for PBXProject "Wipro" */;
			compatibilityVersion = "Xcode 9.3";
			developmentRegion = en;
			hasScannedForEncodings = 0;
			knownRegions = (
				en,
				Base,
			);
			mainGroup = 273D275F2555AD540052ABF6;
			productRefGroup = 273D27692555AD540052ABF6 /* Products */;
			projectDirPath = "";
			projectRoot = "";
			targets = (
				273D27672555AD540052ABF6 /* Wipro */,
				273D277D2555AD550052ABF6 /* WiproTests */,
			);
		};
/* End PBXProject section */

/* Begin PBXResourcesBuildPhase section */
		273D27662555AD540052ABF6 /* Resources */ = {
			isa = PBXResourcesBuildPhase;
			buildActionMask = 2147483647;
			files = (
				273D27782555AD550052ABF6 /* LaunchScreen.storyboard in Resources */,
				273D27752555AD550052ABF6 /* Assets.xcassets in Resources */,
				273D27732555AD540052ABF6 /* Main.storyboard in Resources */,
				2733791A25585A95001FE2E8 /* FactCell.xib in Resources */,
			);
			runOnlyForDeploymentPostprocessing = 0;
		};
		273D277C2555AD550052ABF6 /* Resources */ = {
			isa = PBXResourcesBuildPhase;
			buildActionMask = 2147483647;
			files = (
			);
			runOnlyForDeploymentPostprocessing = 0;
		};
/* End PBXResourcesBuildPhase section */

/* Begin PBXShellScriptBuildPhase section */
		0C62F921B5984EF7E0EE0243 /* [CP] Embed Pods Frameworks */ = {
			isa = PBXShellScriptBuildPhase;
			buildActionMask = 2147483647;
			files = (
			);
			inputFileListPaths = (
				"${PODS_ROOT}/Target Support Files/Pods-Wipro/Pods-Wipro-frameworks-${CONFIGURATION}-input-files.xcfilelist",
			);
			name = "[CP] Embed Pods Frameworks";
			outputFileListPaths = (
				"${PODS_ROOT}/Target Support Files/Pods-Wipro/Pods-Wipro-frameworks-${CONFIGURATION}-output-files.xcfilelist",
			);
			runOnlyForDeploymentPostprocessing = 0;
			shellPath = /bin/sh;
			shellScript = "\"${PODS_ROOT}/Target Support Files/Pods-Wipro/Pods-Wipro-frameworks.sh\"\n";
			showEnvVarsInLog = 0;
		};
		292B04B56967B62C78EC7800 /* [CP] Embed Pods Frameworks */ = {
			isa = PBXShellScriptBuildPhase;
			buildActionMask = 2147483647;
			files = (
			);
			inputFileListPaths = (
				"${PODS_ROOT}/Target Support Files/Pods-WiproTests/Pods-WiproTests-frameworks-${CONFIGURATION}-input-files.xcfilelist",
			);
			name = "[CP] Embed Pods Frameworks";
			outputFileListPaths = (
				"${PODS_ROOT}/Target Support Files/Pods-WiproTests/Pods-WiproTests-frameworks-${CONFIGURATION}-output-files.xcfilelist",
			);
			runOnlyForDeploymentPostprocessing = 0;
			shellPath = /bin/sh;
			shellScript = "\"${PODS_ROOT}/Target Support Files/Pods-WiproTests/Pods-WiproTests-frameworks.sh\"\n";
			showEnvVarsInLog = 0;
		};
		64E4E70CBD5C887BF7FD5B90 /* [CP] Check Pods Manifest.lock */ = {
			isa = PBXShellScriptBuildPhase;
			buildActionMask = 2147483647;
			files = (
			);
			inputFileListPaths = (
			);
			inputPaths = (
				"${PODS_PODFILE_DIR_PATH}/Podfile.lock",
				"${PODS_ROOT}/Manifest.lock",
			);
			name = "[CP] Check Pods Manifest.lock";
			outputFileListPaths = (
			);
			outputPaths = (
				"$(DERIVED_FILE_DIR)/Pods-Wipro-checkManifestLockResult.txt",
			);
			runOnlyForDeploymentPostprocessing = 0;
			shellPath = /bin/sh;
			shellScript = "diff \"${PODS_PODFILE_DIR_PATH}/Podfile.lock\" \"${PODS_ROOT}/Manifest.lock\" > /dev/null\nif [ $? != 0 ] ; then\n    # print error to STDERR\n    echo \"error: The sandbox is not in sync with the Podfile.lock. Run 'pod install' or update your CocoaPods installation.\" >&2\n    exit 1\nfi\n# This output is used by Xcode 'outputs' to avoid re-running this script phase.\necho \"SUCCESS\" > \"${SCRIPT_OUTPUT_FILE_0}\"\n";
			showEnvVarsInLog = 0;
		};
		B89C051A8958553E0F68B48F /* [CP] Check Pods Manifest.lock */ = {
			isa = PBXShellScriptBuildPhase;
			buildActionMask = 2147483647;
			files = (
			);
			inputFileListPaths = (
			);
			inputPaths = (
				"${PODS_PODFILE_DIR_PATH}/Podfile.lock",
				"${PODS_ROOT}/Manifest.lock",
			);
			name = "[CP] Check Pods Manifest.lock";
			outputFileListPaths = (
			);
			outputPaths = (
				"$(DERIVED_FILE_DIR)/Pods-WiproTests-checkManifestLockResult.txt",
			);
			runOnlyForDeploymentPostprocessing = 0;
			shellPath = /bin/sh;
			shellScript = "diff \"${PODS_PODFILE_DIR_PATH}/Podfile.lock\" \"${PODS_ROOT}/Manifest.lock\" > /dev/null\nif [ $? != 0 ] ; then\n    # print error to STDERR\n    echo \"error: The sandbox is not in sync with the Podfile.lock. Run 'pod install' or update your CocoaPods installation.\" >&2\n    exit 1\nfi\n# This output is used by Xcode 'outputs' to avoid re-running this script phase.\necho \"SUCCESS\" > \"${SCRIPT_OUTPUT_FILE_0}\"\n";
			showEnvVarsInLog = 0;
		};
/* End PBXShellScriptBuildPhase section */

/* Begin PBXSourcesBuildPhase section */
		273D27642555AD540052ABF6 /* Sources */ = {
			isa = PBXSourcesBuildPhase;
			buildActionMask = 2147483647;
			files = (
				2733791D25586CDB001FE2E8 /* AppUtility.swift in Sources */,
				2733791925585A95001FE2E8 /* FactCell.swift in Sources */,
				2733791325584F9A001FE2E8 /* MainViewController.swift in Sources */,
				277409812558790C001D423D /* MainViewController+EmptyDataSet.swift in Sources */,
				271345EC255826A90062C1B3 /* NetworkService.swift in Sources */,
				271345EE2558459F0062C1B3 /* RouterProtocol.swift in Sources */,
				271345F4255848F90062C1B3 /* MessageConstants.swift in Sources */,
				2733791425584F9A001FE2E8 /* MainInteractor.swift in Sources */,
				2733790F25584F9A001FE2E8 /* MainPresenter.swift in Sources */,
				271345F6255849770062C1B3 /* AppConstants.swift in Sources */,
				273D276C2555AD540052ABF6 /* AppDelegate.swift in Sources */,
				2774098325587963001D423D /* Extensions.swift in Sources */,
				271345F1255847E30062C1B3 /* Error+Extension.swift in Sources */,
				2733791225584F9A001FE2E8 /* MainModels.swift in Sources */,
				2733791025584F9A001FE2E8 /* MainWorker.swift in Sources */,
				2733790825584DDF001FE2E8 /* CommonRouter.swift in Sources */,
			);
			runOnlyForDeploymentPostprocessing = 0;
		};
		273D277A2555AD550052ABF6 /* Sources */ = {
			isa = PBXSourcesBuildPhase;
			buildActionMask = 2147483647;
			files = (
				273D27832555AD550052ABF6 /* WiproTests.swift in Sources */,
			);
			runOnlyForDeploymentPostprocessing = 0;
		};
/* End PBXSourcesBuildPhase section */

/* Begin PBXTargetDependency section */
		273D27802555AD550052ABF6 /* PBXTargetDependency */ = {
			isa = PBXTargetDependency;
			target = 273D27672555AD540052ABF6 /* Wipro */;
			targetProxy = 273D277F2555AD550052ABF6 /* PBXContainerItemProxy */;
		};
/* End PBXTargetDependency section */

/* Begin PBXVariantGroup section */
		273D27712555AD540052ABF6 /* Main.storyboard */ = {
			isa = PBXVariantGroup;
			children = (
				273D27722555AD540052ABF6 /* Base */,
			);
			name = Main.storyboard;
			sourceTree = "<group>";
		};
		273D27762555AD550052ABF6 /* LaunchScreen.storyboard */ = {
			isa = PBXVariantGroup;
			children = (
				273D27772555AD550052ABF6 /* Base */,
			);
			name = LaunchScreen.storyboard;
			sourceTree = "<group>";
		};
/* End PBXVariantGroup section */

/* Begin XCBuildConfiguration section */
		273D27852555AD550052ABF6 /* Debug */ = {
			isa = XCBuildConfiguration;
			buildSettings = {
				ALWAYS_SEARCH_USER_PATHS = NO;
				CLANG_ANALYZER_NONNULL = YES;
				CLANG_ANALYZER_NUMBER_OBJECT_CONVERSION = YES_AGGRESSIVE;
				CLANG_CXX_LANGUAGE_STANDARD = "gnu++14";
				CLANG_CXX_LIBRARY = "libc++";
				CLANG_ENABLE_MODULES = YES;
				CLANG_ENABLE_OBJC_ARC = YES;
				CLANG_ENABLE_OBJC_WEAK = YES;
				CLANG_WARN_BLOCK_CAPTURE_AUTORELEASING = YES;
				CLANG_WARN_BOOL_CONVERSION = YES;
				CLANG_WARN_COMMA = YES;
				CLANG_WARN_CONSTANT_CONVERSION = YES;
				CLANG_WARN_DEPRECATED_OBJC_IMPLEMENTATIONS = YES;
				CLANG_WARN_DIRECT_OBJC_ISA_USAGE = YES_ERROR;
				CLANG_WARN_DOCUMENTATION_COMMENTS = YES;
				CLANG_WARN_EMPTY_BODY = YES;
				CLANG_WARN_ENUM_CONVERSION = YES;
				CLANG_WARN_INFINITE_RECURSION = YES;
				CLANG_WARN_INT_CONVERSION = YES;
				CLANG_WARN_NON_LITERAL_NULL_CONVERSION = YES;
				CLANG_WARN_OBJC_IMPLICIT_RETAIN_SELF = YES;
				CLANG_WARN_OBJC_LITERAL_CONVERSION = YES;
				CLANG_WARN_OBJC_ROOT_CLASS = YES_ERROR;
				CLANG_WARN_RANGE_LOOP_ANALYSIS = YES;
				CLANG_WARN_STRICT_PROTOTYPES = YES;
				CLANG_WARN_SUSPICIOUS_MOVE = YES;
				CLANG_WARN_UNGUARDED_AVAILABILITY = YES_AGGRESSIVE;
				CLANG_WARN_UNREACHABLE_CODE = YES;
				CLANG_WARN__DUPLICATE_METHOD_MATCH = YES;
				COPY_PHASE_STRIP = NO;
				DEBUG_INFORMATION_FORMAT = dwarf;
				ENABLE_STRICT_OBJC_MSGSEND = YES;
				ENABLE_TESTABILITY = YES;
				GCC_C_LANGUAGE_STANDARD = gnu11;
				GCC_DYNAMIC_NO_PIC = NO;
				GCC_NO_COMMON_BLOCKS = YES;
				GCC_OPTIMIZATION_LEVEL = 0;
				GCC_PREPROCESSOR_DEFINITIONS = (
					"DEBUG=1",
					"$(inherited)",
				);
				GCC_WARN_64_TO_32_BIT_CONVERSION = YES;
				GCC_WARN_ABOUT_RETURN_TYPE = YES_ERROR;
				GCC_WARN_UNDECLARED_SELECTOR = YES;
				GCC_WARN_UNINITIALIZED_AUTOS = YES_AGGRESSIVE;
				GCC_WARN_UNUSED_FUNCTION = YES;
				GCC_WARN_UNUSED_VARIABLE = YES;
				IPHONEOS_DEPLOYMENT_TARGET = 13.0;
				MTL_ENABLE_DEBUG_INFO = INCLUDE_SOURCE;
				MTL_FAST_MATH = YES;
				ONLY_ACTIVE_ARCH = YES;
				SDKROOT = iphoneos;
				SWIFT_ACTIVE_COMPILATION_CONDITIONS = DEBUG;
				SWIFT_OPTIMIZATION_LEVEL = "-Onone";
			};
			name = Debug;
		};
		273D27862555AD550052ABF6 /* Release */ = {
			isa = XCBuildConfiguration;
			buildSettings = {
				ALWAYS_SEARCH_USER_PATHS = NO;
				CLANG_ANALYZER_NONNULL = YES;
				CLANG_ANALYZER_NUMBER_OBJECT_CONVERSION = YES_AGGRESSIVE;
				CLANG_CXX_LANGUAGE_STANDARD = "gnu++14";
				CLANG_CXX_LIBRARY = "libc++";
				CLANG_ENABLE_MODULES = YES;
				CLANG_ENABLE_OBJC_ARC = YES;
				CLANG_ENABLE_OBJC_WEAK = YES;
				CLANG_WARN_BLOCK_CAPTURE_AUTORELEASING = YES;
				CLANG_WARN_BOOL_CONVERSION = YES;
				CLANG_WARN_COMMA = YES;
				CLANG_WARN_CONSTANT_CONVERSION = YES;
				CLANG_WARN_DEPRECATED_OBJC_IMPLEMENTATIONS = YES;
				CLANG_WARN_DIRECT_OBJC_ISA_USAGE = YES_ERROR;
				CLANG_WARN_DOCUMENTATION_COMMENTS = YES;
				CLANG_WARN_EMPTY_BODY = YES;
				CLANG_WARN_ENUM_CONVERSION = YES;
				CLANG_WARN_INFINITE_RECURSION = YES;
				CLANG_WARN_INT_CONVERSION = YES;
				CLANG_WARN_NON_LITERAL_NULL_CONVERSION = YES;
				CLANG_WARN_OBJC_IMPLICIT_RETAIN_SELF = YES;
				CLANG_WARN_OBJC_LITERAL_CONVERSION = YES;
				CLANG_WARN_OBJC_ROOT_CLASS = YES_ERROR;
				CLANG_WARN_RANGE_LOOP_ANALYSIS = YES;
				CLANG_WARN_STRICT_PROTOTYPES = YES;
				CLANG_WARN_SUSPICIOUS_MOVE = YES;
				CLANG_WARN_UNGUARDED_AVAILABILITY = YES_AGGRESSIVE;
				CLANG_WARN_UNREACHABLE_CODE = YES;
				CLANG_WARN__DUPLICATE_METHOD_MATCH = YES;
				COPY_PHASE_STRIP = NO;
				DEBUG_INFORMATION_FORMAT = "dwarf-with-dsym";
				ENABLE_NS_ASSERTIONS = NO;
				ENABLE_STRICT_OBJC_MSGSEND = YES;
				GCC_C_LANGUAGE_STANDARD = gnu11;
				GCC_NO_COMMON_BLOCKS = YES;
				GCC_WARN_64_TO_32_BIT_CONVERSION = YES;
				GCC_WARN_ABOUT_RETURN_TYPE = YES_ERROR;
				GCC_WARN_UNDECLARED_SELECTOR = YES;
				GCC_WARN_UNINITIALIZED_AUTOS = YES_AGGRESSIVE;
				GCC_WARN_UNUSED_FUNCTION = YES;
				GCC_WARN_UNUSED_VARIABLE = YES;
				IPHONEOS_DEPLOYMENT_TARGET = 13.0;
				MTL_ENABLE_DEBUG_INFO = NO;
				MTL_FAST_MATH = YES;
				SDKROOT = iphoneos;
				SWIFT_COMPILATION_MODE = wholemodule;
				SWIFT_OPTIMIZATION_LEVEL = "-O";
				VALIDATE_PRODUCT = YES;
			};
			name = Release;
		};
		273D27882555AD550052ABF6 /* Debug */ = {
			isa = XCBuildConfiguration;
			baseConfigurationReference = DFC1C33BEA5EAF77597A06BE /* Pods-Wipro.debug.xcconfig */;
			buildSettings = {
				ASSETCATALOG_COMPILER_APPICON_NAME = AppIcon;
				CODE_SIGN_IDENTITY = "iPhone Developer";
				CODE_SIGN_STYLE = Manual;
				DEVELOPMENT_TEAM = 6JB9XW3D3N;
				INFOPLIST_FILE = "$(SRCROOT)/Wipro/SupportedFiles/Info.plist";
				IPHONEOS_DEPLOYMENT_TARGET = 11.0;
				LD_RUNPATH_SEARCH_PATHS = (
					"$(inherited)",
					"@executable_path/Frameworks",
				);
				PRODUCT_BUNDLE_IDENTIFIER = com.hb.Wipro;
				PRODUCT_NAME = "$(TARGET_NAME)";
				PROVISIONING_PROFILE_SPECIFIER = "Omnee Development";
				SWIFT_VERSION = 5.0;
				TARGETED_DEVICE_FAMILY = "1,2";
			};
			name = Debug;
		};
		273D27892555AD550052ABF6 /* Release */ = {
			isa = XCBuildConfiguration;
			baseConfigurationReference = 856ADC8F8BDF0A6EA41121CB /* Pods-Wipro.release.xcconfig */;
			buildSettings = {
				ASSETCATALOG_COMPILER_APPICON_NAME = AppIcon;
				CODE_SIGN_IDENTITY = "iPhone Developer";
				CODE_SIGN_STYLE = Manual;
				DEVELOPMENT_TEAM = 6JB9XW3D3N;
				INFOPLIST_FILE = "$(SRCROOT)/Wipro/SupportedFiles/Info.plist";
				IPHONEOS_DEPLOYMENT_TARGET = 11.0;
				LD_RUNPATH_SEARCH_PATHS = (
					"$(inherited)",
					"@executable_path/Frameworks",
				);
				PRODUCT_BUNDLE_IDENTIFIER = com.hb.Wipro;
				PRODUCT_NAME = "$(TARGET_NAME)";
				PROVISIONING_PROFILE_SPECIFIER = "Omnee Development";
				SWIFT_VERSION = 5.0;
				TARGETED_DEVICE_FAMILY = "1,2";
			};
			name = Release;
		};
		273D278B2555AD550052ABF6 /* Debug */ = {
			isa = XCBuildConfiguration;
			baseConfigurationReference = 68CACA88F690F706307C15E9 /* Pods-WiproTests.debug.xcconfig */;
			buildSettings = {
				ALWAYS_EMBED_SWIFT_STANDARD_LIBRARIES = YES;
				BUNDLE_LOADER = "$(TEST_HOST)";
				CODE_SIGN_STYLE = Automatic;
				INFOPLIST_FILE = WiproTests/Info.plist;
				IPHONEOS_DEPLOYMENT_TARGET = 13.0;
				LD_RUNPATH_SEARCH_PATHS = (
					"$(inherited)",
					"@executable_path/Frameworks",
					"@loader_path/Frameworks",
				);
				PRODUCT_BUNDLE_IDENTIFIER = com.hb.WiproTests;
				PRODUCT_NAME = "$(TARGET_NAME)";
				SWIFT_VERSION = 5.0;
				TARGETED_DEVICE_FAMILY = "1,2";
				TEST_HOST = "$(BUILT_PRODUCTS_DIR)/Wipro.app/Wipro";
			};
			name = Debug;
		};
		273D278C2555AD550052ABF6 /* Release */ = {
			isa = XCBuildConfiguration;
			baseConfigurationReference = 12830D41BF2D53994DB05D39 /* Pods-WiproTests.release.xcconfig */;
			buildSettings = {
				ALWAYS_EMBED_SWIFT_STANDARD_LIBRARIES = YES;
				BUNDLE_LOADER = "$(TEST_HOST)";
				CODE_SIGN_STYLE = Automatic;
				INFOPLIST_FILE = WiproTests/Info.plist;
				IPHONEOS_DEPLOYMENT_TARGET = 13.0;
				LD_RUNPATH_SEARCH_PATHS = (
					"$(inherited)",
					"@executable_path/Frameworks",
					"@loader_path/Frameworks",
				);
				PRODUCT_BUNDLE_IDENTIFIER = com.hb.WiproTests;
				PRODUCT_NAME = "$(TARGET_NAME)";
				SWIFT_VERSION = 5.0;
				TARGETED_DEVICE_FAMILY = "1,2";
				TEST_HOST = "$(BUILT_PRODUCTS_DIR)/Wipro.app/Wipro";
			};
			name = Release;
		};
/* End XCBuildConfiguration section */

/* Begin XCConfigurationList section */
		273D27632555AD540052ABF6 /* Build configuration list for PBXProject "Wipro" */ = {
			isa = XCConfigurationList;
			buildConfigurations = (
				273D27852555AD550052ABF6 /* Debug */,
				273D27862555AD550052ABF6 /* Release */,
			);
			defaultConfigurationIsVisible = 0;
			defaultConfigurationName = Release;
		};
		273D27872555AD550052ABF6 /* Build configuration list for PBXNativeTarget "Wipro" */ = {
			isa = XCConfigurationList;
			buildConfigurations = (
				273D27882555AD550052ABF6 /* Debug */,
				273D27892555AD550052ABF6 /* Release */,
			);
			defaultConfigurationIsVisible = 0;
			defaultConfigurationName = Release;
		};
		273D278A2555AD550052ABF6 /* Build configuration list for PBXNativeTarget "WiproTests" */ = {
			isa = XCConfigurationList;
			buildConfigurations = (
				273D278B2555AD550052ABF6 /* Debug */,
				273D278C2555AD550052ABF6 /* Release */,
			);
			defaultConfigurationIsVisible = 0;
			defaultConfigurationName = Release;
		};
/* End XCConfigurationList section */
	};
	rootObject = 273D27602555AD540052ABF6 /* Project object */;
}
